
Microsoft Visual Studio Solution File, Format Version 12.00
# Visual Studio Version 17
VisualStudioVersion = 17.10.35122.118
MinimumVisualStudioVersion = 10.0.40219.1
Project("{FAE04EC0-301F-11D3-BF4B-00C04F79EFBC}") = "StealAllTheCats.API", "StealAllTheCats.API\StealAllTheCats.API.csproj", "{847186D6-4F75-4976-B80C-4F4C8A5F7FC7}"
EndProject
Project("{2150E333-8FDC-42A3-9474-1A3956D46DE8}") = "Solution Items", "Solution Items", "{3C4234FE-212A-42DB-8000-B05980473947}"
	ProjectSection(SolutionItems) = preProject
		.dockerignore = .dockerignore
		.gitignore = .gitignore
		docker-compose.yml = docker-compose.yml
		README.md = README.md
	EndProjectSection
EndProject
Project("{FAE04EC0-301F-11D3-BF4B-00C04F79EFBC}") = "StealAllTheCats.Tests", "StealAllTheCats.Tests\StealAllTheCats.Tests.csproj", "{8DEBCF66-943B-489E-A80A-A2D332A3B2C8}"
EndProject
Global
	GlobalSection(SolutionConfigurationPlatforms) = preSolution
		Debug|Any CPU = Debug|Any CPU
		Release|Any CPU = Release|Any CPU
	EndGlobalSection
	GlobalSection(ProjectConfigurationPlatforms) = postSolution
		{847186D6-4F75-4976-B80C-4F4C8A5F7FC7}.Debug|Any CPU.ActiveCfg = Debug|Any CPU
		{847186D6-4F75-4976-B80C-4F4C8A5F7FC7}.Debug|Any CPU.Build.0 = Debug|Any CPU
		{847186D6-4F75-4976-B80C-4F4C8A5F7FC7}.Release|Any CPU.ActiveCfg = Release|Any CPU
		{847186D6-4F75-4976-B80C-4F4C8A5F7FC7}.Release|Any CPU.Build.0 = Release|Any CPU
		{8DEBCF66-943B-489E-A80A-A2D332A3B2C8}.Debug|Any CPU.ActiveCfg = Debug|Any CPU
		{8DEBCF66-943B-489E-A80A-A2D332A3B2C8}.Debug|Any CPU.Build.0 = Debug|Any CPU
		{8DEBCF66-943B-489E-A80A-A2D332A3B2C8}.Release|Any CPU.ActiveCfg = Release|Any CPU
		{8DEBCF66-943B-489E-A80A-A2D332A3B2C8}.Release|Any CPU.Build.0 = Release|Any CPU
	EndGlobalSection
	GlobalSection(SolutionProperties) = preSolution
		HideSolutionNode = FALSE
	EndGlobalSection
	GlobalSection(ExtensibilityGlobals) = postSolution
		SolutionGuid = {68B58EF1-87DC-4814-B7DC-FD445BA91214}
	EndGlobalSection
EndGlobal
